
Microsoft Visual Studio Solution File, Format Version 12.00
# Visual Studio Version 17
VisualStudioVersion = 17.5.33516.290
MinimumVisualStudioVersion = 10.0.40219.1
Project("{FAE04EC0-301F-11D3-BF4B-00C04F79EFBC}") = "MyOnlineLibrary.UWP", "MyOnlineLibrary\MyOnlineLibrary.UWP\MyOnlineLibrary.UWP.csproj", "{1BB0ED77-3CED-4BEA-A377-FACDDFEAFBA3}"
EndProject
Project("{FAE04EC0-301F-11D3-BF4B-00C04F79EFBC}") = "MyOnlineLibrary.Android", "MyOnlineLibrary\MyOnlineLibrary.Android\MyOnlineLibrary.Android.csproj", "{5A13629C-050D-42FF-961E-12A9B4CC04AC}"
EndProject
Project("{FAE04EC0-301F-11D3-BF4B-00C04F79EFBC}") = "MyOnlineLibrary.iOS", "MyOnlineLibrary\MyOnlineLibrary.iOS\MyOnlineLibrary.iOS.csproj", "{2FA448BD-8E4E-46E5-919A-A12FABE5BF87}"
EndProject
Project("{9A19103F-16F7-4668-BE54-9A1E7A4F7556}") = "MyOnlineLibrary", "MyOnlineLibrary\MyOnlineLibrary\MyOnlineLibrary.csproj", "{0A61AA72-B491-401C-B431-BAD8E01AFA1C}"
EndProject
Project("{FAE04EC0-301F-11D3-BF4B-00C04F79EFBC}") = "DummyProject", "DummyProject\DummyProject.csproj", "{821AE2D8-51FD-4A25-9818-0F376111EEFA}"
EndProject
Project("{FAE04EC0-301F-11D3-BF4B-00C04F79EFBC}") = "DummyLib", "DummyLib\DummyLib.csproj", "{F4AF5B89-1DA4-4994-AD0C-9A7090D200C9}"
EndProject
Global
	GlobalSection(SolutionConfigurationPlatforms) = preSolution
		Debug|Any CPU = Debug|Any CPU
		Debug|ARM = Debug|ARM
		Debug|iPhone = Debug|iPhone
		Debug|iPhoneSimulator = Debug|iPhoneSimulator
		Debug|x64 = Debug|x64
		Debug|x86 = Debug|x86
		Release|Any CPU = Release|Any CPU
		Release|ARM = Release|ARM
		Release|iPhone = Release|iPhone
		Release|iPhoneSimulator = Release|iPhoneSimulator
		Release|x64 = Release|x64
		Release|x86 = Release|x86
	EndGlobalSection
	GlobalSection(ProjectConfigurationPlatforms) = postSolution
		{1BB0ED77-3CED-4BEA-A377-FACDDFEAFBA3}.Debug|Any CPU.ActiveCfg = Debug|x64
		{1BB0ED77-3CED-4BEA-A377-FACDDFEAFBA3}.Debug|Any CPU.Build.0 = Debug|x64
		{1BB0ED77-3CED-4BEA-A377-FACDDFEAFBA3}.Debug|Any CPU.Deploy.0 = Debug|x64
		{1BB0ED77-3CED-4BEA-A377-FACDDFEAFBA3}.Debug|ARM.ActiveCfg = Debug|ARM
		{1BB0ED77-3CED-4BEA-A377-FACDDFEAFBA3}.Debug|ARM.Build.0 = Debug|ARM
		{1BB0ED77-3CED-4BEA-A377-FACDDFEAFBA3}.Debug|ARM.Deploy.0 = Debug|ARM
		{1BB0ED77-3CED-4BEA-A377-FACDDFEAFBA3}.Debug|iPhone.ActiveCfg = Debug|x64
		{1BB0ED77-3CED-4BEA-A377-FACDDFEAFBA3}.Debug|iPhone.Build.0 = Debug|x64
		{1BB0ED77-3CED-4BEA-A377-FACDDFEAFBA3}.Debug|iPhone.Deploy.0 = Debug|x64
		{1BB0ED77-3CED-4BEA-A377-FACDDFEAFBA3}.Debug|iPhoneSimulator.ActiveCfg = Debug|x64
		{1BB0ED77-3CED-4BEA-A377-FACDDFEAFBA3}.Debug|iPhoneSimulator.Build.0 = Debug|x64
		{1BB0ED77-3CED-4BEA-A377-FACDDFEAFBA3}.Debug|iPhoneSimulator.Deploy.0 = Debug|x64
		{1BB0ED77-3CED-4BEA-A377-FACDDFEAFBA3}.Debug|x64.ActiveCfg = Debug|x64
		{1BB0ED77-3CED-4BEA-A377-FACDDFEAFBA3}.Debug|x64.Build.0 = Debug|x64
		{1BB0ED77-3CED-4BEA-A377-FACDDFEAFBA3}.Debug|x64.Deploy.0 = Debug|x64
		{1BB0ED77-3CED-4BEA-A377-FACDDFEAFBA3}.Debug|x86.ActiveCfg = Debug|x86
		{1BB0ED77-3CED-4BEA-A377-FACDDFEAFBA3}.Debug|x86.Build.0 = Debug|x86
		{1BB0ED77-3CED-4BEA-A377-FACDDFEAFBA3}.Debug|x86.Deploy.0 = Debug|x86
		{1BB0ED77-3CED-4BEA-A377-FACDDFEAFBA3}.Release|Any CPU.ActiveCfg = Release|x64
		{1BB0ED77-3CED-4BEA-A377-FACDDFEAFBA3}.Release|Any CPU.Build.0 = Release|x64
		{1BB0ED77-3CED-4BEA-A377-FACDDFEAFBA3}.Release|Any CPU.Deploy.0 = Release|x64
		{1BB0ED77-3CED-4BEA-A377-FACDDFEAFBA3}.Release|ARM.ActiveCfg = Release|ARM
		{1BB0ED77-3CED-4BEA-A377-FACDDFEAFBA3}.Release|ARM.Build.0 = Release|ARM
		{1BB0ED77-3CED-4BEA-A377-FACDDFEAFBA3}.Release|ARM.Deploy.0 = Release|ARM
		{1BB0ED77-3CED-4BEA-A377-FACDDFEAFBA3}.Release|iPhone.ActiveCfg = Release|x64
		{1BB0ED77-3CED-4BEA-A377-FACDDFEAFBA3}.Release|iPhone.Build.0 = Release|x64
		{1BB0ED77-3CED-4BEA-A377-FACDDFEAFBA3}.Release|iPhone.Deploy.0 = Release|x64
		{1BB0ED77-3CED-4BEA-A377-FACDDFEAFBA3}.Release|iPhoneSimulator.ActiveCfg = Release|x64
		{1BB0ED77-3CED-4BEA-A377-FACDDFEAFBA3}.Release|iPhoneSimulator.Build.0 = Release|x64
		{1BB0ED77-3CED-4BEA-A377-FACDDFEAFBA3}.Release|iPhoneSimulator.Deploy.0 = Release|x64
		{1BB0ED77-3CED-4BEA-A377-FACDDFEAFBA3}.Release|x64.ActiveCfg = Release|x64
		{1BB0ED77-3CED-4BEA-A377-FACDDFEAFBA3}.Release|x64.Build.0 = Release|x64
		{1BB0ED77-3CED-4BEA-A377-FACDDFEAFBA3}.Release|x64.Deploy.0 = Release|x64
		{1BB0ED77-3CED-4BEA-A377-FACDDFEAFBA3}.Release|x86.ActiveCfg = Release|x86
		{1BB0ED77-3CED-4BEA-A377-FACDDFEAFBA3}.Release|x86.Build.0 = Release|x86
		{1BB0ED77-3CED-4BEA-A377-FACDDFEAFBA3}.Release|x86.Deploy.0 = Release|x86
		{5A13629C-050D-42FF-961E-12A9B4CC04AC}.Debug|Any CPU.ActiveCfg = Debug|Any CPU
		{5A13629C-050D-42FF-961E-12A9B4CC04AC}.Debug|Any CPU.Build.0 = Debug|Any CPU
		{5A13629C-050D-42FF-961E-12A9B4CC04AC}.Debug|Any CPU.Deploy.0 = Debug|Any CPU
		{5A13629C-050D-42FF-961E-12A9B4CC04AC}.Debug|ARM.ActiveCfg = Debug|Any CPU
		{5A13629C-050D-42FF-961E-12A9B4CC04AC}.Debug|ARM.Build.0 = Debug|Any CPU
		{5A13629C-050D-42FF-961E-12A9B4CC04AC}.Debug|ARM.Deploy.0 = Debug|Any CPU
		{5A13629C-050D-42FF-961E-12A9B4CC04AC}.Debug|iPhone.ActiveCfg = Debug|Any CPU
		{5A13629C-050D-42FF-961E-12A9B4CC04AC}.Debug|iPhone.Build.0 = Debug|Any CPU
		{5A13629C-050D-42FF-961E-12A9B4CC04AC}.Debug|iPhone.Deploy.0 = Debug|Any CPU
		{5A13629C-050D-42FF-961E-12A9B4CC04AC}.Debug|iPhoneSimulator.ActiveCfg = Debug|Any CPU
		{5A13629C-050D-42FF-961E-12A9B4CC04AC}.Debug|iPhoneSimulator.Build.0 = Debug|Any CPU
		{5A13629C-050D-42FF-961E-12A9B4CC04AC}.Debug|iPhoneSimulator.Deploy.0 = Debug|Any CPU
		{5A13629C-050D-42FF-961E-12A9B4CC04AC}.Debug|x64.ActiveCfg = Debug|Any CPU
		{5A13629C-050D-42FF-961E-12A9B4CC04AC}.Debug|x64.Build.0 = Debug|Any CPU
		{5A13629C-050D-42FF-961E-12A9B4CC04AC}.Debug|x64.Deploy.0 = Debug|Any CPU
		{5A13629C-050D-42FF-961E-12A9B4CC04AC}.Debug|x86.ActiveCfg = Debug|Any CPU
		{5A13629C-050D-42FF-961E-12A9B4CC04AC}.Debug|x86.Build.0 = Debug|Any CPU
		{5A13629C-050D-42FF-961E-12A9B4CC04AC}.Debug|x86.Deploy.0 = Debug|Any CPU
		{5A13629C-050D-42FF-961E-12A9B4CC04AC}.Release|Any CPU.ActiveCfg = Release|Any CPU
		{5A13629C-050D-42FF-961E-12A9B4CC04AC}.Release|Any CPU.Build.0 = Release|Any CPU
		{5A13629C-050D-42FF-961E-12A9B4CC04AC}.Release|Any CPU.Deploy.0 = Release|Any CPU
		{5A13629C-050D-42FF-961E-12A9B4CC04AC}.Release|ARM.ActiveCfg = Release|Any CPU
		{5A13629C-050D-42FF-961E-12A9B4CC04AC}.Release|ARM.Build.0 = Release|Any CPU
		{5A13629C-050D-42FF-961E-12A9B4CC04AC}.Release|ARM.Deploy.0 = Release|Any CPU
		{5A13629C-050D-42FF-961E-12A9B4CC04AC}.Release|iPhone.ActiveCfg = Release|Any CPU
		{5A13629C-050D-42FF-961E-12A9B4CC04AC}.Release|iPhone.Build.0 = Release|Any CPU
		{5A13629C-050D-42FF-961E-12A9B4CC04AC}.Release|iPhone.Deploy.0 = Release|Any CPU
		{5A13629C-050D-42FF-961E-12A9B4CC04AC}.Release|iPhoneSimulator.ActiveCfg = Release|Any CPU
		{5A13629C-050D-42FF-961E-12A9B4CC04AC}.Release|iPhoneSimulator.Build.0 = Release|Any CPU
		{5A13629C-050D-42FF-961E-12A9B4CC04AC}.Release|iPhoneSimulator.Deploy.0 = Release|Any CPU
		{5A13629C-050D-42FF-961E-12A9B4CC04AC}.Release|x64.ActiveCfg = Release|Any CPU
		{5A13629C-050D-42FF-961E-12A9B4CC04AC}.Release|x64.Build.0 = Release|Any CPU
		{5A13629C-050D-42FF-961E-12A9B4CC04AC}.Release|x64.Deploy.0 = Release|Any CPU
		{5A13629C-050D-42FF-961E-12A9B4CC04AC}.Release|x86.ActiveCfg = Release|Any CPU
		{5A13629C-050D-42FF-961E-12A9B4CC04AC}.Release|x86.Build.0 = Release|Any CPU
		{5A13629C-050D-42FF-961E-12A9B4CC04AC}.Release|x86.Deploy.0 = Release|Any CPU
		{2FA448BD-8E4E-46E5-919A-A12FABE5BF87}.Debug|Any CPU.ActiveCfg = Debug|iPhoneSimulator
		{2FA448BD-8E4E-46E5-919A-A12FABE5BF87}.Debug|Any CPU.Build.0 = Debug|iPhoneSimulator
		{2FA448BD-8E4E-46E5-919A-A12FABE5BF87}.Debug|Any CPU.Deploy.0 = Debug|iPhoneSimulator
		{2FA448BD-8E4E-46E5-919A-A12FABE5BF87}.Debug|ARM.ActiveCfg = Debug|iPhoneSimulator
		{2FA448BD-8E4E-46E5-919A-A12FABE5BF87}.Debug|ARM.Build.0 = Debug|iPhoneSimulator
		{2FA448BD-8E4E-46E5-919A-A12FABE5BF87}.Debug|ARM.Deploy.0 = Debug|iPhoneSimulator
		{2FA448BD-8E4E-46E5-919A-A12FABE5BF87}.Debug|iPhone.ActiveCfg = Debug|iPhone
		{2FA448BD-8E4E-46E5-919A-A12FABE5BF87}.Debug|iPhone.Build.0 = Debug|iPhone
		{2FA448BD-8E4E-46E5-919A-A12FABE5BF87}.Debug|iPhone.Deploy.0 = Debug|iPhone
		{2FA448BD-8E4E-46E5-919A-A12FABE5BF87}.Debug|iPhoneSimulator.ActiveCfg = Debug|iPhoneSimulator
		{2FA448BD-8E4E-46E5-919A-A12FABE5BF87}.Debug|iPhoneSimulator.Build.0 = Debug|iPhoneSimulator
		{2FA448BD-8E4E-46E5-919A-A12FABE5BF87}.Debug|iPhoneSimulator.Deploy.0 = Debug|iPhoneSimulator
		{2FA448BD-8E4E-46E5-919A-A12FABE5BF87}.Debug|x64.ActiveCfg = Debug|iPhone
		{2FA448BD-8E4E-46E5-919A-A12FABE5BF87}.Debug|x64.Build.0 = Debug|iPhone
		{2FA448BD-8E4E-46E5-919A-A12FABE5BF87}.Debug|x64.Deploy.0 = Debug|iPhone
		{2FA448BD-8E4E-46E5-919A-A12FABE5BF87}.Debug|x86.ActiveCfg = Debug|iPhoneSimulator
		{2FA448BD-8E4E-46E5-919A-A12FABE5BF87}.Debug|x86.Build.0 = Debug|iPhoneSimulator
		{2FA448BD-8E4E-46E5-919A-A12FABE5BF87}.Debug|x86.Deploy.0 = Debug|iPhoneSimulator
		{2FA448BD-8E4E-46E5-919A-A12FABE5BF87}.Release|Any CPU.ActiveCfg = Release|iPhoneSimulator
		{2FA448BD-8E4E-46E5-919A-A12FABE5BF87}.Release|Any CPU.Build.0 = Release|iPhoneSimulator
		{2FA448BD-8E4E-46E5-919A-A12FABE5BF87}.Release|Any CPU.Deploy.0 = Release|iPhoneSimulator
		{2FA448BD-8E4E-46E5-919A-A12FABE5BF87}.Release|ARM.ActiveCfg = Release|iPhoneSimulator
		{2FA448BD-8E4E-46E5-919A-A12FABE5BF87}.Release|ARM.Build.0 = Release|iPhoneSimulator
		{2FA448BD-8E4E-46E5-919A-A12FABE5BF87}.Release|ARM.Deploy.0 = Release|iPhoneSimulator
		{2FA448BD-8E4E-46E5-919A-A12FABE5BF87}.Release|iPhone.ActiveCfg = Release|iPhone
		{2FA448BD-8E4E-46E5-919A-A12FABE5BF87}.Release|iPhone.Build.0 = Release|iPhone
		{2FA448BD-8E4E-46E5-919A-A12FABE5BF87}.Release|iPhone.Deploy.0 = Release|iPhone
		{2FA448BD-8E4E-46E5-919A-A12FABE5BF87}.Release|iPhoneSimulator.ActiveCfg = Release|iPhoneSimulator
		{2FA448BD-8E4E-46E5-919A-A12FABE5BF87}.Release|iPhoneSimulator.Build.0 = Release|iPhoneSimulator
		{2FA448BD-8E4E-46E5-919A-A12FABE5BF87}.Release|iPhoneSimulator.Deploy.0 = Release|iPhoneSimulator
		{2FA448BD-8E4E-46E5-919A-A12FABE5BF87}.Release|x64.ActiveCfg = Release|iPhoneSimulator
		{2FA448BD-8E4E-46E5-919A-A12FABE5BF87}.Release|x64.Build.0 = Release|iPhoneSimulator
		{2FA448BD-8E4E-46E5-919A-A12FABE5BF87}.Release|x64.Deploy.0 = Release|iPhoneSimulator
		{2FA448BD-8E4E-46E5-919A-A12FABE5BF87}.Release|x86.ActiveCfg = Release|iPhoneSimulator
		{2FA448BD-8E4E-46E5-919A-A12FABE5BF87}.Release|x86.Build.0 = Release|iPhoneSimulator
		{2FA448BD-8E4E-46E5-919A-A12FABE5BF87}.Release|x86.Deploy.0 = Release|iPhoneSimulator
		{0A61AA72-B491-401C-B431-BAD8E01AFA1C}.Debug|Any CPU.ActiveCfg = Debug|Any CPU
		{0A61AA72-B491-401C-B431-BAD8E01AFA1C}.Debug|Any CPU.Build.0 = Debug|Any CPU
		{0A61AA72-B491-401C-B431-BAD8E01AFA1C}.Debug|Any CPU.Deploy.0 = Debug|Any CPU
		{0A61AA72-B491-401C-B431-BAD8E01AFA1C}.Debug|ARM.ActiveCfg = Debug|Any CPU
		{0A61AA72-B491-401C-B431-BAD8E01AFA1C}.Debug|ARM.Build.0 = Debug|Any CPU
		{0A61AA72-B491-401C-B431-BAD8E01AFA1C}.Debug|ARM.Deploy.0 = Debug|Any CPU
		{0A61AA72-B491-401C-B431-BAD8E01AFA1C}.Debug|iPhone.ActiveCfg = Debug|Any CPU
		{0A61AA72-B491-401C-B431-BAD8E01AFA1C}.Debug|iPhone.Build.0 = Debug|Any CPU
		{0A61AA72-B491-401C-B431-BAD8E01AFA1C}.Debug|iPhone.Deploy.0 = Debug|Any CPU
		{0A61AA72-B491-401C-B431-BAD8E01AFA1C}.Debug|iPhoneSimulator.ActiveCfg = Debug|Any CPU
		{0A61AA72-B491-401C-B431-BAD8E01AFA1C}.Debug|iPhoneSimulator.Build.0 = Debug|Any CPU
		{0A61AA72-B491-401C-B431-BAD8E01AFA1C}.Debug|iPhoneSimulator.Deploy.0 = Debug|Any CPU
		{0A61AA72-B491-401C-B431-BAD8E01AFA1C}.Debug|x64.ActiveCfg = Debug|Any CPU
		{0A61AA72-B491-401C-B431-BAD8E01AFA1C}.Debug|x64.Build.0 = Debug|Any CPU
		{0A61AA72-B491-401C-B431-BAD8E01AFA1C}.Debug|x64.Deploy.0 = Debug|Any CPU
		{0A61AA72-B491-401C-B431-BAD8E01AFA1C}.Debug|x86.ActiveCfg = Debug|Any CPU
		{0A61AA72-B491-401C-B431-BAD8E01AFA1C}.Debug|x86.Build.0 = Debug|Any CPU
		{0A61AA72-B491-401C-B431-BAD8E01AFA1C}.Debug|x86.Deploy.0 = Debug|Any CPU
		{0A61AA72-B491-401C-B431-BAD8E01AFA1C}.Release|Any CPU.ActiveCfg = Release|Any CPU
		{0A61AA72-B491-401C-B431-BAD8E01AFA1C}.Release|Any CPU.Build.0 = Release|Any CPU
		{0A61AA72-B491-401C-B431-BAD8E01AFA1C}.Release|Any CPU.Deploy.0 = Release|Any CPU
		{0A61AA72-B491-401C-B431-BAD8E01AFA1C}.Release|ARM.ActiveCfg = Release|Any CPU
		{0A61AA72-B491-401C-B431-BAD8E01AFA1C}.Release|ARM.Build.0 = Release|Any CPU
		{0A61AA72-B491-401C-B431-BAD8E01AFA1C}.Release|ARM.Deploy.0 = Release|Any CPU
		{0A61AA72-B491-401C-B431-BAD8E01AFA1C}.Release|iPhone.ActiveCfg = Release|Any CPU
		{0A61AA72-B491-401C-B431-BAD8E01AFA1C}.Release|iPhone.Build.0 = Release|Any CPU
		{0A61AA72-B491-401C-B431-BAD8E01AFA1C}.Release|iPhone.Deploy.0 = Release|Any CPU
		{0A61AA72-B491-401C-B431-BAD8E01AFA1C}.Release|iPhoneSimulator.ActiveCfg = Release|Any CPU
		{0A61AA72-B491-401C-B431-BAD8E01AFA1C}.Release|iPhoneSimulator.Build.0 = Release|Any CPU
		{0A61AA72-B491-401C-B431-BAD8E01AFA1C}.Release|iPhoneSimulator.Deploy.0 = Release|Any CPU
		{0A61AA72-B491-401C-B431-BAD8E01AFA1C}.Release|x64.ActiveCfg = Release|Any CPU
		{0A61AA72-B491-401C-B431-BAD8E01AFA1C}.Release|x64.Build.0 = Release|Any CPU
		{0A61AA72-B491-401C-B431-BAD8E01AFA1C}.Release|x64.Deploy.0 = Release|Any CPU
		{0A61AA72-B491-401C-B431-BAD8E01AFA1C}.Release|x86.ActiveCfg = Release|Any CPU
		{0A61AA72-B491-401C-B431-BAD8E01AFA1C}.Release|x86.Build.0 = Release|Any CPU
		{0A61AA72-B491-401C-B431-BAD8E01AFA1C}.Release|x86.Deploy.0 = Release|Any CPU
		{821AE2D8-51FD-4A25-9818-0F376111EEFA}.Debug|Any CPU.ActiveCfg = Debug|Any CPU
		{821AE2D8-51FD-4A25-9818-0F376111EEFA}.Debug|Any CPU.Build.0 = Debug|Any CPU
		{821AE2D8-51FD-4A25-9818-0F376111EEFA}.Debug|ARM.ActiveCfg = Debug|Any CPU
		{821AE2D8-51FD-4A25-9818-0F376111EEFA}.Debug|ARM.Build.0 = Debug|Any CPU
		{821AE2D8-51FD-4A25-9818-0F376111EEFA}.Debug|iPhone.ActiveCfg = Debug|Any CPU
		{821AE2D8-51FD-4A25-9818-0F376111EEFA}.Debug|iPhone.Build.0 = Debug|Any CPU
		{821AE2D8-51FD-4A25-9818-0F376111EEFA}.Debug|iPhoneSimulator.ActiveCfg = Debug|Any CPU
		{821AE2D8-51FD-4A25-9818-0F376111EEFA}.Debug|iPhoneSimulator.Build.0 = Debug|Any CPU
		{821AE2D8-51FD-4A25-9818-0F376111EEFA}.Debug|x64.ActiveCfg = Debug|Any CPU
		{821AE2D8-51FD-4A25-9818-0F376111EEFA}.Debug|x64.Build.0 = Debug|Any CPU
		{821AE2D8-51FD-4A25-9818-0F376111EEFA}.Debug|x86.ActiveCfg = Debug|Any CPU
		{821AE2D8-51FD-4A25-9818-0F376111EEFA}.Debug|x86.Build.0 = Debug|Any CPU
		{821AE2D8-51FD-4A25-9818-0F376111EEFA}.Release|Any CPU.ActiveCfg = Release|Any CPU
		{821AE2D8-51FD-4A25-9818-0F376111EEFA}.Release|Any CPU.Build.0 = Release|Any CPU
		{821AE2D8-51FD-4A25-9818-0F376111EEFA}.Release|ARM.ActiveCfg = Release|Any CPU
		{821AE2D8-51FD-4A25-9818-0F376111EEFA}.Release|ARM.Build.0 = Release|Any CPU
		{821AE2D8-51FD-4A25-9818-0F376111EEFA}.Release|iPhone.ActiveCfg = Release|Any CPU
		{821AE2D8-51FD-4A25-9818-0F376111EEFA}.Release|iPhone.Build.0 = Release|Any CPU
		{821AE2D8-51FD-4A25-9818-0F376111EEFA}.Release|iPhoneSimulator.ActiveCfg = Release|Any CPU
		{821AE2D8-51FD-4A25-9818-0F376111EEFA}.Release|iPhoneSimulator.Build.0 = Release|Any CPU
		{821AE2D8-51FD-4A25-9818-0F376111EEFA}.Release|x64.ActiveCfg = Release|Any CPU
		{821AE2D8-51FD-4A25-9818-0F376111EEFA}.Release|x64.Build.0 = Release|Any CPU
		{821AE2D8-51FD-4A25-9818-0F376111EEFA}.Release|x86.ActiveCfg = Release|Any CPU
		{821AE2D8-51FD-4A25-9818-0F376111EEFA}.Release|x86.Build.0 = Release|Any CPU
		{F4AF5B89-1DA4-4994-AD0C-9A7090D200C9}.Debug|Any CPU.ActiveCfg = Debug|Any CPU
		{F4AF5B89-1DA4-4994-AD0C-9A7090D200C9}.Debug|Any CPU.Build.0 = Debug|Any CPU
		{F4AF5B89-1DA4-4994-AD0C-9A7090D200C9}.Debug|ARM.ActiveCfg = Debug|Any CPU
		{F4AF5B89-1DA4-4994-AD0C-9A7090D200C9}.Debug|ARM.Build.0 = Debug|Any CPU
		{F4AF5B89-1DA4-4994-AD0C-9A7090D200C9}.Debug|iPhone.ActiveCfg = Debug|Any CPU
		{F4AF5B89-1DA4-4994-AD0C-9A7090D200C9}.Debug|iPhone.Build.0 = Debug|Any CPU
		{F4AF5B89-1DA4-4994-AD0C-9A7090D200C9}.Debug|iPhoneSimulator.ActiveCfg = Debug|Any CPU
		{F4AF5B89-1DA4-4994-AD0C-9A7090D200C9}.Debug|iPhoneSimulator.Build.0 = Debug|Any CPU
		{F4AF5B89-1DA4-4994-AD0C-9A7090D200C9}.Debug|x64.ActiveCfg = Debug|Any CPU
		{F4AF5B89-1DA4-4994-AD0C-9A7090D200C9}.Debug|x64.Build.0 = Debug|Any CPU
		{F4AF5B89-1DA4-4994-AD0C-9A7090D200C9}.Debug|x86.ActiveCfg = Debug|Any CPU
		{F4AF5B89-1DA4-4994-AD0C-9A7090D200C9}.Debug|x86.Build.0 = Debug|Any CPU
		{F4AF5B89-1DA4-4994-AD0C-9A7090D200C9}.Release|Any CPU.ActiveCfg = Release|Any CPU
		{F4AF5B89-1DA4-4994-AD0C-9A7090D200C9}.Release|Any CPU.Build.0 = Release|Any CPU
		{F4AF5B89-1DA4-4994-AD0C-9A7090D200C9}.Release|ARM.ActiveCfg = Release|Any CPU
		{F4AF5B89-1DA4-4994-AD0C-9A7090D200C9}.Release|ARM.Build.0 = Release|Any CPU
		{F4AF5B89-1DA4-4994-AD0C-9A7090D200C9}.Release|iPhone.ActiveCfg = Release|Any CPU
		{F4AF5B89-1DA4-4994-AD0C-9A7090D200C9}.Release|iPhone.Build.0 = Release|Any CPU
		{F4AF5B89-1DA4-4994-AD0C-9A7090D200C9}.Release|iPhoneSimulator.ActiveCfg = Release|Any CPU
		{F4AF5B89-1DA4-4994-AD0C-9A7090D200C9}.Release|iPhoneSimulator.Build.0 = Release|Any CPU
		{F4AF5B89-1DA4-4994-AD0C-9A7090D200C9}.Release|x64.ActiveCfg = Release|Any CPU
		{F4AF5B89-1DA4-4994-AD0C-9A7090D200C9}.Release|x64.Build.0 = Release|Any CPU
		{F4AF5B89-1DA4-4994-AD0C-9A7090D200C9}.Release|x86.ActiveCfg = Release|Any CPU
		{F4AF5B89-1DA4-4994-AD0C-9A7090D200C9}.Release|x86.Build.0 = Release|Any CPU
	EndGlobalSection
	GlobalSection(SolutionProperties) = preSolution
		HideSolutionNode = FALSE
	EndGlobalSection
	GlobalSection(ExtensibilityGlobals) = postSolution
		SolutionGuid = {352F7C17-0EF6-4868-8E69-737F84FDCFD6}
	EndGlobalSection
EndGlobal
